{
  "requires": true,
  "lockfileVersion": 1,
  "dependencies": {
    "@devexpress/dx-core": {
      "version": "2.7.6",
      "resolved": "https://registry.npmjs.org/@devexpress/dx-core/-/dx-core-2.7.6.tgz",
      "integrity": "sha512-ykcgRi1x4DwVK/5vXUhwK/S0FCwdIp5GmsG6x+4Xf24xVlVD+68ln0pK+y5tCVE4Scxzmq3m0YFtMpckUKQ6zA=="
    },
    "@devexpress/dx-react-core": {
      "version": "2.7.6",
      "resolved": "https://registry.npmjs.org/@devexpress/dx-react-core/-/dx-react-core-2.7.6.tgz",
      "integrity": "sha512-oKQhtUD0kGNjN5FCMaLE2mDodp1Q67KcC+VYbYdZ9EJUttLrZ5n+YuYZogaXZabGM07uHw+0NABq4GFg8XQcRg==",
      "requires": {
        "@devexpress/dx-core": "2.7.6",
        "prop-types": "^15.7.2"
      }
    },
    "@devexpress/dx-react-scheduler": {
      "version": "2.7.6",
      "resolved": "https://registry.npmjs.org/@devexpress/dx-react-scheduler/-/dx-react-scheduler-2.7.6.tgz",
      "integrity": "sha512-QvYCn+nQN7hFmRSu6Jk9Rdc7GUpVRJNO17GV+xN4oYui4nu2jJJDPLZXw2fksy3YxVQqxl9b3IiT8s3HEPA+TA==",
      "requires": {
        "@devexpress/dx-scheduler-core": "2.7.6"
      }
    },
    "@devexpress/dx-scheduler-core": {
      "version": "2.7.6",
      "resolved": "https://registry.npmjs.org/@devexpress/dx-scheduler-core/-/dx-scheduler-core-2.7.6.tgz",
      "integrity": "sha512-ll8r43KeP1lo9QCc6OSHYKHWYCigjJwfb6C/3w5EB+OEu39LA6V4grXT4eaUe+aisjQ4e+coiAkqSn03YI0kTQ==",
      "requires": {
        "moment": "^2.24.0",
        "rrule": "2.6.4"
      }
    },
    "js-tokens": {
      "version": "4.0.0",
      "resolved": "https://registry.npmjs.org/js-tokens/-/js-tokens-4.0.0.tgz",
      "integrity": "sha512-RdJUflcE3cUzKiMqQgsCu06FPu9UdIJO0beYbPhHN4k6apgJtifcoCtT9bcxOpYBtpD2kCM6Sbzg4CausW/PKQ=="
    },
    "loose-envify": {
      "version": "1.4.0",
      "resolved": "https://registry.npmjs.org/loose-envify/-/loose-envify-1.4.0.tgz",
      "integrity": "sha512-lyuxPGr/Wfhrlem2CL/UcnUc1zcqKAImBDzukY7Y5F/yQiNdko6+fRLevlw1HgMySw7f611UIY408EtxRSoK3Q==",
      "requires": {
        "js-tokens": "^3.0.0 || ^4.0.0"
      }
    },
    "luxon": {
      "version": "1.28.0",
      "resolved": "https://registry.npmjs.org/luxon/-/luxon-1.28.0.tgz",
      "integrity": "sha512-TfTiyvZhwBYM/7QdAVDh+7dBTBA29v4ik0Ce9zda3Mnf8on1S5KJI8P2jKFZ8+5C0jhmr0KwJEO/Wdpm0VeWJQ==",
      "optional": true
    },
    "moment": {
      "version": "2.29.1",
      "resolved": "https://registry.npmjs.org/moment/-/moment-2.29.1.tgz",
      "integrity": "sha512-kHmoybcPV8Sqy59DwNDY3Jefr64lK/by/da0ViFcuA4DH0vQg5Q6Ze5VimxkfQNSC+Mls/Kx53s7TjP1RhFEDQ=="
    },
    "object-assign": {
      "version": "4.1.1",
      "resolved": "https://registry.npmjs.org/object-assign/-/object-assign-4.1.1.tgz",
      "integrity": "sha1-IQmtx5ZYh8/AXLvUQsrIv7s2CGM="
    },
    "prop-types": {
      "version": "15.7.2",
      "resolved": "https://registry.npmjs.org/prop-types/-/prop-types-15.7.2.tgz",
      "integrity": "sha512-8QQikdH7//R2vurIJSutZ1smHYTcLpRWEOlHnzcWHmBYrOGUysKwSsrC89BCiFj3CbrfJ/nXFdJepOVrY1GCHQ==",
      "requires": {
        "loose-envify": "^1.4.0",
        "object-assign": "^4.1.1",
        "react-is": "^16.8.1"
      }
    },
    "react-is": {
      "version": "16.13.1",
      "resolved": "https://registry.npmjs.org/react-is/-/react-is-16.13.1.tgz",
      "integrity": "sha512-24e6ynE2H+OKt4kqsOvNd8kBpV65zoxbA4BVsEOB3ARVWQki/DHzaUoC5KuON/BiccDaCCTZBuOcfZs70kR8bQ=="
    },
    "rrule": {
      "version": "2.6.4",
      "resolved": "https://registry.npmjs.org/rrule/-/rrule-2.6.4.tgz",
      "integrity": "sha512-sLdnh4lmjUqq8liFiOUXD5kWp/FcnbDLPwq5YAc/RrN6120XOPb86Ae5zxF7ttBVq8O3LxjjORMEit1baluahA==",
      "requires": {
        "luxon": "^1.21.3",
        "tslib": "^1.10.0"
      }
    },
    "tslib": {
      "version": "1.14.1",
      "resolved": "https://registry.npmjs.org/tslib/-/tslib-1.14.1.tgz",
      "integrity": "sha512-Xni35NKzjgMrwevysHTCArtLDpPvye8zV/0E4EyYn43P7/7qvQwPh9BGkHewbMulVntbigmcT7rdX3BNo9wRJg=="
    }
  }
}
